
Microsoft Visual Studio Solution File, Format Version 12.00
# Visual Studio 15
VisualStudioVersion = 15.0.26730.3
MinimumVisualStudioVersion = 10.0.40219.1
Project("{FAE04EC0-301F-11D3-BF4B-00C04F79EFBC}") = "DynamicProxy", "DynamicProxy\DynamicProxy.csproj", "{C8A1A6D1-5A98-4610-A62F-4C0E0F38FFF8}"
EndProject
Global
	GlobalSection(SolutionConfigurationPlatforms) = preSolution
		Debug|Any CPU = Debug|Any CPU
		Release|Any CPU = Release|Any CPU
	EndGlobalSection
	GlobalSection(ProjectConfigurationPlatforms) = postSolution
		{C8A1A6D1-5A98-4610-A62F-4C0E0F38FFF8}.Debug|Any CPU.ActiveCfg = Debug|Any CPU
		{C8A1A6D1-5A98-4610-A62F-4C0E0F38FFF8}.Debug|Any CPU.Build.0 = Debug|Any CPU
		{C8A1A6D1-5A98-4610-A62F-4C0E0F38FFF8}.Release|Any CPU.ActiveCfg = Release|Any CPU
		{C8A1A6D1-5A98-4610-A62F-4C0E0F38FFF8}.Release|Any CPU.Build.0 = Release|Any CPU
	EndGlobalSection
	GlobalSection(SolutionProperties) = preSolution
		HideSolutionNode = FALSE
	EndGlobalSection
	GlobalSection(ExtensibilityGlobals) = postSolution
		SolutionGuid = {AAD67037-22EB-42E0-A63C-E239F68619CB}
	EndGlobalSection
EndGlobal
